
Microsoft Visual Studio Solution File, Format Version 12.00
# Visual Studio Version 17
VisualStudioVersion = 17.5.33530.505
MinimumVisualStudioVersion = 10.0.40219.1
Project("{FAE04EC0-301F-11D3-BF4B-00C04F79EFBC}") = "BackGroundService", "BackGroundService\BackGroundService.csproj", "{D1AE5AF9-2CBB-4EBB-A501-C0E190652F23}"
EndProject
Project("{FAE04EC0-301F-11D3-BF4B-00C04F79EFBC}") = "Client", "Client\Client.csproj", "{BAFE21B5-4047-4733-9C72-8E64023554B5}"
EndProject
Global
	GlobalSection(SolutionConfigurationPlatforms) = preSolution
		Debug|Any CPU = Debug|Any CPU
		Release|Any CPU = Release|Any CPU
	EndGlobalSection
	GlobalSection(ProjectConfigurationPlatforms) = postSolution
		{D1AE5AF9-2CBB-4EBB-A501-C0E190652F23}.Debug|Any CPU.ActiveCfg = Debug|Any CPU
		{D1AE5AF9-2CBB-4EBB-A501-C0E190652F23}.Debug|Any CPU.Build.0 = Debug|Any CPU
		{D1AE5AF9-2CBB-4EBB-A501-C0E190652F23}.Release|Any CPU.ActiveCfg = Release|Any CPU
		{D1AE5AF9-2CBB-4EBB-A501-C0E190652F23}.Release|Any CPU.Build.0 = Release|Any CPU
		{BAFE21B5-4047-4733-9C72-8E64023554B5}.Debug|Any CPU.ActiveCfg = Debug|Any CPU
		{BAFE21B5-4047-4733-9C72-8E64023554B5}.Debug|Any CPU.Build.0 = Debug|Any CPU
		{BAFE21B5-4047-4733-9C72-8E64023554B5}.Release|Any CPU.ActiveCfg = Release|Any CPU
		{BAFE21B5-4047-4733-9C72-8E64023554B5}.Release|Any CPU.Build.0 = Release|Any CPU
	EndGlobalSection
	GlobalSection(SolutionProperties) = preSolution
		HideSolutionNode = FALSE
	EndGlobalSection
	GlobalSection(ExtensibilityGlobals) = postSolution
		SolutionGuid = {6085D70E-3BB6-423C-A09E-996F65276218}
	EndGlobalSection
EndGlobal
